
Microsoft Visual Studio Solution File, Format Version 12.00
# Visual Studio Version 16
VisualStudioVersion = 16.0.30204.135
MinimumVisualStudioVersion = 10.0.40219.1
Project("{9A19103F-16F7-4668-BE54-9A1E7A4F7556}") = "OAuthVer4", "OAuthVer4\OAuthVer4.csproj", "{E58D4E52-563F-4261-8702-7ECF820B713C}"
EndProject
Project("{2150E333-8FDC-42A3-9474-1A3956D46DE8}") = "OAuth", "OAuth", "{C615E60C-729D-4DA6-92F5-088EBB673FB9}"
EndProject
Project("{9A19103F-16F7-4668-BE54-9A1E7A4F7556}") = "Server", "Server\Server.csproj", "{08ABE410-E7EE-4766-9C98-F234A5EE3A22}"
EndProject
Project("{2150E333-8FDC-42A3-9474-1A3956D46DE8}") = "Basic", "Basic", "{BBF405B5-AFBE-4330-B910-343E6EAB6255}"
EndProject
Project("{FAE04EC0-301F-11D3-BF4B-00C04F79EFBC}") = "Client", "Client\Client.csproj", "{F902CA05-5A79-4BF6-994F-90EE15F020FC}"
EndProject
Project("{FAE04EC0-301F-11D3-BF4B-00C04F79EFBC}") = "Api", "Api\Api.csproj", "{B0FD2375-E3BB-453D-AD44-771FDC36EB03}"
EndProject
Global
	GlobalSection(SolutionConfigurationPlatforms) = preSolution
		Debug|Any CPU = Debug|Any CPU
		Release|Any CPU = Release|Any CPU
	EndGlobalSection
	GlobalSection(ProjectConfigurationPlatforms) = postSolution
		{E58D4E52-563F-4261-8702-7ECF820B713C}.Debug|Any CPU.ActiveCfg = Debug|Any CPU
		{E58D4E52-563F-4261-8702-7ECF820B713C}.Debug|Any CPU.Build.0 = Debug|Any CPU
		{E58D4E52-563F-4261-8702-7ECF820B713C}.Release|Any CPU.ActiveCfg = Release|Any CPU
		{E58D4E52-563F-4261-8702-7ECF820B713C}.Release|Any CPU.Build.0 = Release|Any CPU
		{08ABE410-E7EE-4766-9C98-F234A5EE3A22}.Debug|Any CPU.ActiveCfg = Debug|Any CPU
		{08ABE410-E7EE-4766-9C98-F234A5EE3A22}.Debug|Any CPU.Build.0 = Debug|Any CPU
		{08ABE410-E7EE-4766-9C98-F234A5EE3A22}.Release|Any CPU.ActiveCfg = Release|Any CPU
		{08ABE410-E7EE-4766-9C98-F234A5EE3A22}.Release|Any CPU.Build.0 = Release|Any CPU
		{F902CA05-5A79-4BF6-994F-90EE15F020FC}.Debug|Any CPU.ActiveCfg = Debug|Any CPU
		{F902CA05-5A79-4BF6-994F-90EE15F020FC}.Debug|Any CPU.Build.0 = Debug|Any CPU
		{F902CA05-5A79-4BF6-994F-90EE15F020FC}.Release|Any CPU.ActiveCfg = Release|Any CPU
		{F902CA05-5A79-4BF6-994F-90EE15F020FC}.Release|Any CPU.Build.0 = Release|Any CPU
		{B0FD2375-E3BB-453D-AD44-771FDC36EB03}.Debug|Any CPU.ActiveCfg = Debug|Any CPU
		{B0FD2375-E3BB-453D-AD44-771FDC36EB03}.Debug|Any CPU.Build.0 = Debug|Any CPU
		{B0FD2375-E3BB-453D-AD44-771FDC36EB03}.Release|Any CPU.ActiveCfg = Release|Any CPU
		{B0FD2375-E3BB-453D-AD44-771FDC36EB03}.Release|Any CPU.Build.0 = Release|Any CPU
	EndGlobalSection
	GlobalSection(SolutionProperties) = preSolution
		HideSolutionNode = FALSE
	EndGlobalSection
	GlobalSection(NestedProjects) = preSolution
		{E58D4E52-563F-4261-8702-7ECF820B713C} = {BBF405B5-AFBE-4330-B910-343E6EAB6255}
		{08ABE410-E7EE-4766-9C98-F234A5EE3A22} = {C615E60C-729D-4DA6-92F5-088EBB673FB9}
		{F902CA05-5A79-4BF6-994F-90EE15F020FC} = {C615E60C-729D-4DA6-92F5-088EBB673FB9}
		{B0FD2375-E3BB-453D-AD44-771FDC36EB03} = {C615E60C-729D-4DA6-92F5-088EBB673FB9}
	EndGlobalSection
	GlobalSection(ExtensibilityGlobals) = postSolution
		SolutionGuid = {003ECABB-5DF8-415E-9EAD-AF86A0E912F9}
	EndGlobalSection
EndGlobal
